// !$*UTF8*$!
{
	archiveVersion = 1;
	classes = {
	};
	objectVersion = 77;
	objects = {

/* Begin PBXBuildFile section */
		194F4CCD2FAD3EA70019A39C /* MSAL in Frameworks */ = {isa = PBXBuildFile; productRef = 194F4CCC2FAD3EA70019A39C /* MSAL */; };
		6B6B55632FCA061D00EDE43B /* CheckInGraph.framework in Frameworks */ = {isa = PBXBuildFile; fileRef = 6B6B55582FCA061C00EDE43B /* CheckInGraph.framework */; };
		6B6B556D2FCA061D00EDE43B /* CheckInGraph.framework in Frameworks */ = {isa = PBXBuildFile; fileRef = 6B6B55582FCA061C00EDE43B /* CheckInGraph.framework */; };
		6B6B556E2FCA061D00EDE43B /* CheckInGraph.framework in Embed Frameworks */ = {isa = PBXBuildFile; fileRef = 6B6B55582FCA061C00EDE43B /* CheckInGraph.framework */; settings = {ATTRIBUTES = (CodeSignOnCopy, RemoveHeadersOnCopy, ); }; };
		6B6B55752FCA065000EDE43B /* CheckInKit.framework in Frameworks */ = {isa = PBXBuildFile; fileRef = 6BD125002FC8E42300B6B85F /* CheckInKit.framework */; };
		6B6B557D2FCA06B500EDE43B /* CheckInGraph.framework in Frameworks */ = {isa = PBXBuildFile; fileRef = 6B6B55582FCA061C00EDE43B /* CheckInGraph.framework */; };
		6B6B557E2FCA06B500EDE43B /* CheckInGraph.framework in Embed Frameworks */ = {isa = PBXBuildFile; fileRef = 6B6B55582FCA061C00EDE43B /* CheckInGraph.framework */; settings = {ATTRIBUTES = (CodeSignOnCopy, RemoveHeadersOnCopy, ); }; };
		6B6B55812FCA085D00EDE43B /* CheckInKit.framework in Frameworks */ = {isa = PBXBuildFile; fileRef = 6BD125002FC8E42300B6B85F /* CheckInKit.framework */; };
		6B78BD922FC15197008CF821 /* WidgetKit.framework in Frameworks */ = {isa = PBXBuildFile; fileRef = 6B78BD912FC15197008CF821 /* WidgetKit.framework */; };
		6B78BD942FC15197008CF821 /* SwiftUI.framework in Frameworks */ = {isa = PBXBuildFile; fileRef = 6B78BD932FC15197008CF821 /* SwiftUI.framework */; };
		6B78BDA32FC15199008CF821 /* CheckInWidgetExtension.appex in Embed Foundation Extensions */ = {isa = PBXBuildFile; fileRef = 6B78BD8F2FC15197008CF821 /* CheckInWidgetExtension.appex */; settings = {ATTRIBUTES = (RemoveHeadersOnCopy, ); }; };
		6B88F4162FCA6BE100D002A5 /* CheckInWatch Watch App.app in Embed Watch Content */ = {isa = PBXBuildFile; fileRef = 6B88F3F62FCA6BDF00D002A5 /* CheckInWatch Watch App.app */; settings = {ATTRIBUTES = (RemoveHeadersOnCopy, ); }; };
		6B88F4262FCA6C7100D002A5 /* WidgetKit.framework in Frameworks */ = {isa = PBXBuildFile; fileRef = 6B78BD912FC15197008CF821 /* WidgetKit.framework */; };
		6B88F4272FCA6C7100D002A5 /* SwiftUI.framework in Frameworks */ = {isa = PBXBuildFile; fileRef = 6B78BD932FC15197008CF821 /* SwiftUI.framework */; };
		6B88F4342FCA6C7300D002A5 /* CheckInWatchWidgetExtension.appex in Embed Foundation Extensions */ = {isa = PBXBuildFile; fileRef = 6B88F4252FCA6C7100D002A5 /* CheckInWatchWidgetExtension.appex */; settings = {ATTRIBUTES = (RemoveHeadersOnCopy, ); }; };
		6B88F43C2FCA6D8000D002A5 /* CheckInKit.framework in Frameworks */ = {isa = PBXBuildFile; fileRef = 6BD125002FC8E42300B6B85F /* CheckInKit.framework */; };
		6B88F43D2FCA6D8000D002A5 /* CheckInKit.framework in Embed Frameworks */ = {isa = PBXBuildFile; fileRef = 6BD125002FC8E42300B6B85F /* CheckInKit.framework */; settings = {ATTRIBUTES = (CodeSignOnCopy, RemoveHeadersOnCopy, ); }; };
		6B88F4412FCA6E4E00D002A5 /* CheckInKit.framework in Frameworks */ = {isa = PBXBuildFile; fileRef = 6BD125002FC8E42300B6B85F /* CheckInKit.framework */; };
		6BD1250B2FC8E42300B6B85F /* CheckInKit.framework in Frameworks */ = {isa = PBXBuildFile; fileRef = 6BD125002FC8E42300B6B85F /* CheckInKit.framework */; };
		6BD125152FC8E42300B6B85F /* CheckInKit.framework in Frameworks */ = {isa = PBXBuildFile; fileRef = 6BD125002FC8E42300B6B85F /* CheckInKit.framework */; platformFilter = ios; };
		6BD125162FC8E42300B6B85F /* CheckInKit.framework in Embed Frameworks */ = {isa = PBXBuildFile; fileRef = 6BD125002FC8E42300B6B85F /* CheckInKit.framework */; platformFilter = ios; settings = {ATTRIBUTES = (CodeSignOnCopy, RemoveHeadersOnCopy, ); }; };
		6BD125202FC8E64700B6B85F /* CheckInKit.framework in Frameworks */ = {isa = PBXBuildFile; fileRef = 6BD125002FC8E42300B6B85F /* CheckInKit.framework */; };
		6BD125212FC8E64700B6B85F /* CheckInKit.framework in Embed Frameworks */ = {isa = PBXBuildFile; fileRef = 6BD125002FC8E42300B6B85F /* CheckInKit.framework */; settings = {ATTRIBUTES = (CodeSignOnCopy, RemoveHeadersOnCopy, ); }; };
		6BD126232FC9413A00B6B85F /* MSAL in Frameworks */ = {isa = PBXBuildFile; productRef = 6BD126222FC9413A00B6B85F /* MSAL */; };
/* End PBXBuildFile section */

/* Begin PBXContainerItemProxy section */
		6B6B55642FCA061D00EDE43B /* PBXContainerItemProxy */ = {
			isa = PBXContainerItemProxy;
			containerPortal = 19C6DDB92FAD391B008DDDF0 /* Project object */;
			proxyType = 1;
			remoteGlobalIDString = 6B6B55572FCA061C00EDE43B;
			remoteInfo = CheckInGraph;
		};
		6B6B55662FCA061D00EDE43B /* PBXContainerItemProxy */ = {
			isa = PBXContainerItemProxy;
			containerPortal = 19C6DDB92FAD391B008DDDF0 /* Project object */;
			proxyType = 1;
			remoteGlobalIDString = 19C6DDC02FAD391B008DDDF0;
			remoteInfo = CheckIn;
		};
		6B6B556B2FCA061D00EDE43B /* PBXContainerItemProxy */ = {
			isa = PBXContainerItemProxy;
			containerPortal = 19C6DDB92FAD391B008DDDF0 /* Project object */;
			proxyType = 1;
			remoteGlobalIDString = 6B6B55572FCA061C00EDE43B;
			remoteInfo = CheckInGraph;
		};
		6B6B55772FCA065000EDE43B /* PBXContainerItemProxy */ = {
			isa = PBXContainerItemProxy;
			containerPortal = 19C6DDB92FAD391B008DDDF0 /* Project object */;
			proxyType = 1;
			remoteGlobalIDString = 6BD124FF2FC8E42300B6B85F;
			remoteInfo = CheckInKit;
		};
		6B6B557B2FCA069A00EDE43B /* PBXContainerItemProxy */ = {
			isa = PBXContainerItemProxy;
			containerPortal = 19C6DDB92FAD391B008DDDF0 /* Project object */;
			proxyType = 1;
			remoteGlobalIDString = 6B6B55572FCA061C00EDE43B;
			remoteInfo = CheckInGraph;
		};
		6B6B557F2FCA06B500EDE43B /* PBXContainerItemProxy */ = {
			isa = PBXContainerItemProxy;
			containerPortal = 19C6DDB92FAD391B008DDDF0 /* Project object */;
			proxyType = 1;
			remoteGlobalIDString = 6B6B55572FCA061C00EDE43B;
			remoteInfo = CheckInGraph;
		};
		6B6B55832FCA085D00EDE43B /* PBXContainerItemProxy */ = {
			isa = PBXContainerItemProxy;
			containerPortal = 19C6DDB92FAD391B008DDDF0 /* Project object */;
			proxyType = 1;
			remoteGlobalIDString = 6BD124FF2FC8E42300B6B85F;
			remoteInfo = CheckInKit;
		};
		6B78BDA12FC15199008CF821 /* PBXContainerItemProxy */ = {
			isa = PBXContainerItemProxy;
			containerPortal = 19C6DDB92FAD391B008DDDF0 /* Project object */;
			proxyType = 1;
			remoteGlobalIDString = 6B78BD8E2FC15197008CF821;
			remoteInfo = CheckInWidgetExtension;
		};
		6B88F4142FCA6BE100D002A5 /* PBXContainerItemProxy */ = {
			isa = PBXContainerItemProxy;
			containerPortal = 19C6DDB92FAD391B008DDDF0 /* Project object */;
			proxyType = 1;
			remoteGlobalIDString = 6B88F3F52FCA6BDF00D002A5;
			remoteInfo = "CheckInWatch Watch App";
		};
		6B88F4322FCA6C7300D002A5 /* PBXContainerItemProxy */ = {
			isa = PBXContainerItemProxy;
			containerPortal = 19C6DDB92FAD391B008DDDF0 /* Project object */;
			proxyType = 1;
			remoteGlobalIDString = 6B88F4242FCA6C7100D002A5;
			remoteInfo = CheckInWatchWidgetExtension;
		};
		6B88F43E2FCA6D8000D002A5 /* PBXContainerItemProxy */ = {
			isa = PBXContainerItemProxy;
			containerPortal = 19C6DDB92FAD391B008DDDF0 /* Project object */;
			proxyType = 1;
			remoteGlobalIDString = 6BD124FF2FC8E42300B6B85F;
			remoteInfo = CheckInKit;
		};
		6B88F4432FCA6E4E00D002A5 /* PBXContainerItemProxy */ = {
			isa = PBXContainerItemProxy;
			containerPortal = 19C6DDB92FAD391B008DDDF0 /* Project object */;
			proxyType = 1;
			remoteGlobalIDString = 6BD124FF2FC8E42300B6B85F;
			remoteInfo = CheckInKit;
		};
		6BD1250C2FC8E42300B6B85F /* PBXContainerItemProxy */ = {
			isa = PBXContainerItemProxy;
			containerPortal = 19C6DDB92FAD391B008DDDF0 /* Project object */;
			proxyType = 1;
			remoteGlobalIDString = 6BD124FF2FC8E42300B6B85F;
			remoteInfo = CheckInKit;
		};
		6BD1250E2FC8E42300B6B85F /* PBXContainerItemProxy */ = {
			isa = PBXContainerItemProxy;
			containerPortal = 19C6DDB92FAD391B008DDDF0 /* Project object */;
			proxyType = 1;
			remoteGlobalIDString = 19C6DDC02FAD391B008DDDF0;
			remoteInfo = CheckIn;
		};
		6BD125132FC8E42300B6B85F /* PBXContainerItemProxy */ = {
			isa = PBXContainerItemProxy;
			containerPortal = 19C6DDB92FAD391B008DDDF0 /* Project object */;
			proxyType = 1;
			remoteGlobalIDString = 6BD124FF2FC8E42300B6B85F;
			remoteInfo = CheckInKit;
		};
		6BD125222FC8E64700B6B85F /* PBXContainerItemProxy */ = {
			isa = PBXContainerItemProxy;
			containerPortal = 19C6DDB92FAD391B008DDDF0 /* Project object */;
			proxyType = 1;
			remoteGlobalIDString = 6BD124FF2FC8E42300B6B85F;
			remoteInfo = CheckInKit;
		};
/* End PBXContainerItemProxy section */

/* Begin PBXCopyFilesBuildPhase section */
		6B78BDA42FC15199008CF821 /* Embed Foundation Extensions */ = {
			isa = PBXCopyFilesBuildPhase;
			buildActionMask = 2147483647;
			dstPath = "";
			dstSubfolderSpec = 13;
			files = (
				6B78BDA32FC15199008CF821 /* CheckInWidgetExtension.appex in Embed Foundation Extensions */,
			);
			name = "Embed Foundation Extensions";
			runOnlyForDeploymentPostprocessing = 0;
		};
		6B88F4172FCA6BE100D002A5 /* Embed Watch Content */ = {
			isa = PBXCopyFilesBuildPhase;
			buildActionMask = 2147483647;
			dstPath = "$(CONTENTS_FOLDER_PATH)/Watch";
			dstSubfolderSpec = 16;
			files = (
				6B88F4162FCA6BE100D002A5 /* CheckInWatch Watch App.app in Embed Watch Content */,
			);
			name = "Embed Watch Content";
			runOnlyForDeploymentPostprocessing = 0;
		};
		6B88F4392FCA6C7300D002A5 /* Embed Foundation Extensions */ = {
			isa = PBXCopyFilesBuildPhase;
			buildActionMask = 2147483647;
			dstPath = "";
			dstSubfolderSpec = 13;
			files = (
				6B88F4342FCA6C7300D002A5 /* CheckInWatchWidgetExtension.appex in Embed Foundation Extensions */,
			);
			name = "Embed Foundation Extensions";
			runOnlyForDeploymentPostprocessing = 0;
		};
		6B88F4402FCA6D8000D002A5 /* Embed Frameworks */ = {
			isa = PBXCopyFilesBuildPhase;
			buildActionMask = 2147483647;
			dstPath = "";
			dstSubfolderSpec = 10;
			files = (
				6B88F43D2FCA6D8000D002A5 /* CheckInKit.framework in Embed Frameworks */,
			);
			name = "Embed Frameworks";
			runOnlyForDeploymentPostprocessing = 0;
		};
		6BD125172FC8E42300B6B85F /* Embed Frameworks */ = {
			isa = PBXCopyFilesBuildPhase;
			buildActionMask = 2147483647;
			dstPath = "";
			dstSubfolderSpec = 10;
			files = (
				6BD125162FC8E42300B6B85F /* CheckInKit.framework in Embed Frameworks */,
				6B6B556E2FCA061D00EDE43B /* CheckInGraph.framework in Embed Frameworks */,
			);
			name = "Embed Frameworks";
			runOnlyForDeploymentPostprocessing = 0;
		};
		6BD125242FC8E64700B6B85F /* Embed Frameworks */ = {
			isa = PBXCopyFilesBuildPhase;
			buildActionMask = 2147483647;
			dstPath = "";
			dstSubfolderSpec = 10;
			files = (
				6BD125212FC8E64700B6B85F /* CheckInKit.framework in Embed Frameworks */,
				6B6B557E2FCA06B500EDE43B /* CheckInGraph.framework in Embed Frameworks */,
			);
			name = "Embed Frameworks";
			runOnlyForDeploymentPostprocessing = 0;
		};
/* End PBXCopyFilesBuildPhase section */

/* Begin PBXFileReference section */
		19C6DDC12FAD391B008DDDF0 /* CheckIn.app */ = {isa = PBXFileReference; explicitFileType = wrapper.application; includeInIndex = 0; path = CheckIn.app; sourceTree = BUILT_PRODUCTS_DIR; };
		6B6B55582FCA061C00EDE43B /* CheckInGraph.framework */ = {isa = PBXFileReference; explicitFileType = wrapper.framework; includeInIndex = 0; path = CheckInGraph.framework; sourceTree = BUILT_PRODUCTS_DIR; };
		6B6B55622FCA061D00EDE43B /* CheckInGraphTests.xctest */ = {isa = PBXFileReference; explicitFileType = wrapper.cfbundle; includeInIndex = 0; path = CheckInGraphTests.xctest; sourceTree = BUILT_PRODUCTS_DIR; };
		6B78BD8F2FC15197008CF821 /* CheckInWidgetExtension.appex */ = {isa = PBXFileReference; explicitFileType = "wrapper.app-extension"; includeInIndex = 0; path = CheckInWidgetExtension.appex; sourceTree = BUILT_PRODUCTS_DIR; };
		6B78BD912FC15197008CF821 /* WidgetKit.framework */ = {isa = PBXFileReference; lastKnownFileType = wrapper.framework; name = WidgetKit.framework; path = System/Library/Frameworks/WidgetKit.framework; sourceTree = SDKROOT; };
		6B78BD932FC15197008CF821 /* SwiftUI.framework */ = {isa = PBXFileReference; lastKnownFileType = wrapper.framework; name = SwiftUI.framework; path = System/Library/Frameworks/SwiftUI.framework; sourceTree = SDKROOT; };
		6B78BDA92FC1540B008CF821 /* CheckInWidgetExtension.entitlements */ = {isa = PBXFileReference; lastKnownFileType = text.plist.entitlements; path = CheckInWidgetExtension.entitlements; sourceTree = "<group>"; };
		6B88F3F62FCA6BDF00D002A5 /* CheckInWatch Watch App.app */ = {isa = PBXFileReference; explicitFileType = wrapper.application; includeInIndex = 0; path = "CheckInWatch Watch App.app"; sourceTree = BUILT_PRODUCTS_DIR; };
		6B88F4252FCA6C7100D002A5 /* CheckInWatchWidgetExtension.appex */ = {isa = PBXFileReference; explicitFileType = "wrapper.app-extension"; includeInIndex = 0; path = CheckInWatchWidgetExtension.appex; sourceTree = BUILT_PRODUCTS_DIR; };
		6B88F43B2FCA6D2A00D002A5 /* CheckInWatchWidgetExtension.entitlements */ = {isa = PBXFileReference; lastKnownFileType = text.plist.entitlements; path = CheckInWatchWidgetExtension.entitlements; sourceTree = "<group>"; };
		6BD125002FC8E42300B6B85F /* CheckInKit.framework */ = {isa = PBXFileReference; explicitFileType = wrapper.framework; includeInIndex = 0; path = CheckInKit.framework; sourceTree = BUILT_PRODUCTS_DIR; };
		6BD1250A2FC8E42300B6B85F /* CheckInKitTests.xctest */ = {isa = PBXFileReference; explicitFileType = wrapper.cfbundle; includeInIndex = 0; path = CheckInKitTests.xctest; sourceTree = BUILT_PRODUCTS_DIR; };
/* End PBXFileReference section */

/* Begin PBXFileSystemSynchronizedBuildFileExceptionSet section */
		194F4CCE2FAD45F40019A39C /* Exceptions for "CheckIn" folder in "CheckIn" target */ = {
			isa = PBXFileSystemSynchronizedBuildFileExceptionSet;
			membershipExceptions = (
				Info.plist,
			);
			target = 19C6DDC02FAD391B008DDDF0 /* CheckIn */;
		};
		6B78BDA82FC15199008CF821 /* Exceptions for "CheckInWidget" folder in "CheckInWidgetExtension" target */ = {
			isa = PBXFileSystemSynchronizedBuildFileExceptionSet;
			membershipExceptions = (
				Info.plist,
			);
			target = 6B78BD8E2FC15197008CF821 /* CheckInWidgetExtension */;
		};
		6B88F4382FCA6C7300D002A5 /* Exceptions for "CheckInWatchWidget" folder in "CheckInWatchWidgetExtension" target */ = {
			isa = PBXFileSystemSynchronizedBuildFileExceptionSet;
			membershipExceptions = (
				Info.plist,
			);
			target = 6B88F4242FCA6C7100D002A5 /* CheckInWatchWidgetExtension */;
		};
/* End PBXFileSystemSynchronizedBuildFileExceptionSet section */

/* Begin PBXFileSystemSynchronizedRootGroup section */
		19C6DDC32FAD391B008DDDF0 /* CheckIn */ = {
			isa = PBXFileSystemSynchronizedRootGroup;
			exceptions = (
				194F4CCE2FAD45F40019A39C /* Exceptions for "CheckIn" folder in "CheckIn" target */,
			);
			path = CheckIn;
			sourceTree = "<group>";
		};
		6B6B55592FCA061C00EDE43B /* CheckInGraph */ = {
			isa = PBXFileSystemSynchronizedRootGroup;
			path = CheckInGraph;
			sourceTree = "<group>";
		};
		6B6B55682FCA061D00EDE43B /* CheckInGraphTests */ = {
			isa = PBXFileSystemSynchronizedRootGroup;
			path = CheckInGraphTests;
			sourceTree = "<group>";
		};
		6B78BD952FC15197008CF821 /* CheckInWidget */ = {
			isa = PBXFileSystemSynchronizedRootGroup;
			exceptions = (
				6B78BDA82FC15199008CF821 /* Exceptions for "CheckInWidget" folder in "CheckInWidgetExtension" target */,
			);
			path = CheckInWidget;
			sourceTree = "<group>";
		};
		6B88F3F72FCA6BDF00D002A5 /* CheckInWatch Watch App */ = {
			isa = PBXFileSystemSynchronizedRootGroup;
			path = "CheckInWatch Watch App";
			sourceTree = "<group>";
		};
		6B88F4052FCA6BE100D002A5 /* CheckInWatch Watch AppTests */ = {
			isa = PBXFileSystemSynchronizedRootGroup;
			path = "CheckInWatch Watch AppTests";
			sourceTree = "<group>";
		};
		6B88F40F2FCA6BE100D002A5 /* CheckInWatch Watch AppUITests */ = {
			isa = PBXFileSystemSynchronizedRootGroup;
			path = "CheckInWatch Watch AppUITests";
			sourceTree = "<group>";
		};
		6B88F4282FCA6C7100D002A5 /* CheckInWatchWidget */ = {
			isa = PBXFileSystemSynchronizedRootGroup;
			exceptions = (
				6B88F4382FCA6C7300D002A5 /* Exceptions for "CheckInWatchWidget" folder in "CheckInWatchWidgetExtension" target */,
			);
			path = CheckInWatchWidget;
			sourceTree = "<group>";
		};
		6BD125012FC8E42300B6B85F /* CheckInKit */ = {
			isa = PBXFileSystemSynchronizedRootGroup;
			path = CheckInKit;
			sourceTree = "<group>";
		};
		6BD125102FC8E42300B6B85F /* CheckInKitTests */ = {
			isa = PBXFileSystemSynchronizedRootGroup;
			path = CheckInKitTests;
			sourceTree = "<group>";
		};
		6BFACE0000000000000000A1 /* SharedIntents */ = {
			isa = PBXFileSystemSynchronizedRootGroup;
			path = SharedIntents;
			sourceTree = "<group>";
		};
/* End PBXFileSystemSynchronizedRootGroup section */

/* Begin PBXFrameworksBuildPhase section */
		19C6DDBE2FAD391B008DDDF0 /* Frameworks */ = {
			isa = PBXFrameworksBuildPhase;
			buildActionMask = 2147483647;
			files = (
				194F4CCD2FAD3EA70019A39C /* MSAL in Frameworks */,
				6BD125152FC8E42300B6B85F /* CheckInKit.framework in Frameworks */,
				6B6B556D2FCA061D00EDE43B /* CheckInGraph.framework in Frameworks */,
			);
			runOnlyForDeploymentPostprocessing = 0;
		};
		6B6B55552FCA061C00EDE43B /* Frameworks */ = {
			isa = PBXFrameworksBuildPhase;
			buildActionMask = 2147483647;
			files = (
				6B6B55812FCA085D00EDE43B /* CheckInKit.framework in Frameworks */,
			);
			runOnlyForDeploymentPostprocessing = 0;
		};
		6B6B555F2FCA061D00EDE43B /* Frameworks */ = {
			isa = PBXFrameworksBuildPhase;
			buildActionMask = 2147483647;
			files = (
				6B6B55632FCA061D00EDE43B /* CheckInGraph.framework in Frameworks */,
				6B6B55752FCA065000EDE43B /* CheckInKit.framework in Frameworks */,
			);
			runOnlyForDeploymentPostprocessing = 0;
		};
		6B78BD8C2FC15197008CF821 /* Frameworks */ = {
			isa = PBXFrameworksBuildPhase;
			buildActionMask = 2147483647;
			files = (
				6B78BD942FC15197008CF821 /* SwiftUI.framework in Frameworks */,
				6BD126232FC9413A00B6B85F /* MSAL in Frameworks */,
				6B6B557D2FCA06B500EDE43B /* CheckInGraph.framework in Frameworks */,
				6BD125202FC8E64700B6B85F /* CheckInKit.framework in Frameworks */,
				6B78BD922FC15197008CF821 /* WidgetKit.framework in Frameworks */,
			);
			runOnlyForDeploymentPostprocessing = 0;
		};
		6B88F3F32FCA6BDF00D002A5 /* Frameworks */ = {
			isa = PBXFrameworksBuildPhase;
			buildActionMask = 2147483647;
			files = (
				6B88F43C2FCA6D8000D002A5 /* CheckInKit.framework in Frameworks */,
			);
			runOnlyForDeploymentPostprocessing = 0;
		};
		6B88F4222FCA6C7100D002A5 /* Frameworks */ = {
			isa = PBXFrameworksBuildPhase;
			buildActionMask = 2147483647;
			files = (
				6B88F4272FCA6C7100D002A5 /* SwiftUI.framework in Frameworks */,
				6B88F4412FCA6E4E00D002A5 /* CheckInKit.framework in Frameworks */,
				6B88F4262FCA6C7100D002A5 /* WidgetKit.framework in Frameworks */,
			);
			runOnlyForDeploymentPostprocessing = 0;
		};
		6BD124FD2FC8E42300B6B85F /* Frameworks */ = {
			isa = PBXFrameworksBuildPhase;
			buildActionMask = 2147483647;
			files = (
			);
			runOnlyForDeploymentPostprocessing = 0;
		};
		6BD125072FC8E42300B6B85F /* Frameworks */ = {
			isa = PBXFrameworksBuildPhase;
			buildActionMask = 2147483647;
			files = (
				6BD1250B2FC8E42300B6B85F /* CheckInKit.framework in Frameworks */,
			);
			runOnlyForDeploymentPostprocessing = 0;
		};
/* End PBXFrameworksBuildPhase section */

/* Begin PBXGroup section */
		19C6DDB82FAD391B008DDDF0 = {
			isa = PBXGroup;
			children = (
				6B88F43B2FCA6D2A00D002A5 /* CheckInWatchWidgetExtension.entitlements */,
				6B78BDA92FC1540B008CF821 /* CheckInWidgetExtension.entitlements */,
				19C6DDC32FAD391B008DDDF0 /* CheckIn */,
				6B78BD952FC15197008CF821 /* CheckInWidget */,
				6BD125012FC8E42300B6B85F /* CheckInKit */,
				6BD125102FC8E42300B6B85F /* CheckInKitTests */,
				6BFACE0000000000000000A1 /* SharedIntents */,
				6B6B55592FCA061C00EDE43B /* CheckInGraph */,
				6B6B55682FCA061D00EDE43B /* CheckInGraphTests */,
				6B88F3F72FCA6BDF00D002A5 /* CheckInWatch Watch App */,
				6B88F4052FCA6BE100D002A5 /* CheckInWatch Watch AppTests */,
				6B88F40F2FCA6BE100D002A5 /* CheckInWatch Watch AppUITests */,
				6B88F4282FCA6C7100D002A5 /* CheckInWatchWidget */,
				6B78BD902FC15197008CF821 /* Frameworks */,
				19C6DDC22FAD391B008DDDF0 /* Products */,
			);
			sourceTree = "<group>";
		};
		19C6DDC22FAD391B008DDDF0 /* Products */ = {
			isa = PBXGroup;
			children = (
				19C6DDC12FAD391B008DDDF0 /* CheckIn.app */,
				6B78BD8F2FC15197008CF821 /* CheckInWidgetExtension.appex */,
				6BD125002FC8E42300B6B85F /* CheckInKit.framework */,
				6BD1250A2FC8E42300B6B85F /* CheckInKitTests.xctest */,
				6B6B55582FCA061C00EDE43B /* CheckInGraph.framework */,
				6B6B55622FCA061D00EDE43B /* CheckInGraphTests.xctest */,
				6B88F3F62FCA6BDF00D002A5 /* CheckInWatch Watch App.app */,
				6B88F4252FCA6C7100D002A5 /* CheckInWatchWidgetExtension.appex */,
			);
			name = Products;
			sourceTree = "<group>";
		};
		6B78BD902FC15197008CF821 /* Frameworks */ = {
			isa = PBXGroup;
			children = (
				6B78BD912FC15197008CF821 /* WidgetKit.framework */,
				6B78BD932FC15197008CF821 /* SwiftUI.framework */,
			);
			name = Frameworks;
			sourceTree = "<group>";
		};
/* End PBXGroup section */

/* Begin PBXHeadersBuildPhase section */
		6B6B55532FCA061C00EDE43B /* Headers */ = {
			isa = PBXHeadersBuildPhase;
			buildActionMask = 2147483647;
			files = (
			);
			runOnlyForDeploymentPostprocessing = 0;
		};
		6BD124FB2FC8E42300B6B85F /* Headers */ = {
			isa = PBXHeadersBuildPhase;
			buildActionMask = 2147483647;
			files = (
			);
			runOnlyForDeploymentPostprocessing = 0;
		};
/* End PBXHeadersBuildPhase section */

/* Begin PBXNativeTarget section */
		19C6DDC02FAD391B008DDDF0 /* CheckIn */ = {
			isa = PBXNativeTarget;
			buildConfigurationList = 19C6DDCC2FAD391B008DDDF0 /* Build configuration list for PBXNativeTarget "CheckIn" */;
			buildPhases = (
				19C6DDBD2FAD391B008DDDF0 /* Sources */,
				19C6DDBE2FAD391B008DDDF0 /* Frameworks */,
				19C6DDBF2FAD391B008DDDF0 /* Resources */,
				6B78BDA42FC15199008CF821 /* Embed Foundation Extensions */,
				6BD125172FC8E42300B6B85F /* Embed Frameworks */,
				6B88F4172FCA6BE100D002A5 /* Embed Watch Content */,
			);
			buildRules = (
			);
			dependencies = (
				6B78BDA22FC15199008CF821 /* PBXTargetDependency */,
				6BD125142FC8E42300B6B85F /* PBXTargetDependency */,
				6B6B556C2FCA061D00EDE43B /* PBXTargetDependency */,
				6B6B557C2FCA069A00EDE43B /* PBXTargetDependency */,
				6B88F4152FCA6BE100D002A5 /* PBXTargetDependency */,
			);
			fileSystemSynchronizedGroups = (
				19C6DDC32FAD391B008DDDF0 /* CheckIn */,
				6BFACE0000000000000000A1 /* SharedIntents */,
			);
			name = CheckIn;
			packageProductDependencies = (
				194F4CCC2FAD3EA70019A39C /* MSAL */,
			);
			productName = CheckIn;
			productReference = 19C6DDC12FAD391B008DDDF0 /* CheckIn.app */;
			productType = "com.apple.product-type.application";
		};
		6B6B55572FCA061C00EDE43B /* CheckInGraph */ = {
			isa = PBXNativeTarget;
			buildConfigurationList = 6B6B556F2FCA061D00EDE43B /* Build configuration list for PBXNativeTarget "CheckInGraph" */;
			buildPhases = (
				6B6B55532FCA061C00EDE43B /* Headers */,
				6B6B55542FCA061C00EDE43B /* Sources */,
				6B6B55552FCA061C00EDE43B /* Frameworks */,
				6B6B55562FCA061C00EDE43B /* Resources */,
			);
			buildRules = (
			);
			dependencies = (
				6B6B55842FCA085D00EDE43B /* PBXTargetDependency */,
			);
			fileSystemSynchronizedGroups = (
				6B6B55592FCA061C00EDE43B /* CheckInGraph */,
			);
			name = CheckInGraph;
			packageProductDependencies = (
			);
			productName = CheckInGraph;
			productReference = 6B6B55582FCA061C00EDE43B /* CheckInGraph.framework */;
			productType = "com.apple.product-type.framework";
		};
		6B6B55612FCA061D00EDE43B /* CheckInGraphTests */ = {
			isa = PBXNativeTarget;
			buildConfigurationList = 6B6B55722FCA061D00EDE43B /* Build configuration list for PBXNativeTarget "CheckInGraphTests" */;
			buildPhases = (
				6B6B555E2FCA061D00EDE43B /* Sources */,
				6B6B555F2FCA061D00EDE43B /* Frameworks */,
				6B6B55602FCA061D00EDE43B /* Resources */,
			);
			buildRules = (
			);
			dependencies = (
				6B6B55652FCA061D00EDE43B /* PBXTargetDependency */,
				6B6B55672FCA061D00EDE43B /* PBXTargetDependency */,
				6B6B55782FCA065000EDE43B /* PBXTargetDependency */,
			);
			fileSystemSynchronizedGroups = (
				6B6B55682FCA061D00EDE43B /* CheckInGraphTests */,
			);
			name = CheckInGraphTests;
			packageProductDependencies = (
			);
			productName = CheckInGraphTests;
			productReference = 6B6B55622FCA061D00EDE43B /* CheckInGraphTests.xctest */;
			productType = "com.apple.product-type.bundle.unit-test";
		};
		6B78BD8E2FC15197008CF821 /* CheckInWidgetExtension */ = {
			isa = PBXNativeTarget;
			buildConfigurationList = 6B78BDA72FC15199008CF821 /* Build configuration list for PBXNativeTarget "CheckInWidgetExtension" */;
			buildPhases = (
				6B78BD8B2FC15197008CF821 /* Sources */,
				6B78BD8C2FC15197008CF821 /* Frameworks */,
				6B78BD8D2FC15197008CF821 /* Resources */,
				6BD125242FC8E64700B6B85F /* Embed Frameworks */,
			);
			buildRules = (
			);
			dependencies = (
				6BD125232FC8E64700B6B85F /* PBXTargetDependency */,
				6B6B55802FCA06B500EDE43B /* PBXTargetDependency */,
			);
			fileSystemSynchronizedGroups = (
				6B78BD952FC15197008CF821 /* CheckInWidget */,
				6BFACE0000000000000000A1 /* SharedIntents */,
			);
			name = CheckInWidgetExtension;
			packageProductDependencies = (
				6BD126222FC9413A00B6B85F /* MSAL */,
			);
			productName = CheckInWidgetExtension;
			productReference = 6B78BD8F2FC15197008CF821 /* CheckInWidgetExtension.appex */;
			productType = "com.apple.product-type.app-extension";
		};
		6B88F3F52FCA6BDF00D002A5 /* CheckInWatch Watch App */ = {
			isa = PBXNativeTarget;
			buildConfigurationList = 6B88F41E2FCA6BE100D002A5 /* Build configuration list for PBXNativeTarget "CheckInWatch Watch App" */;
			buildPhases = (
				6B88F3F22FCA6BDF00D002A5 /* Sources */,
				6B88F3F32FCA6BDF00D002A5 /* Frameworks */,
				6B88F3F42FCA6BDF00D002A5 /* Resources */,
				6B88F4392FCA6C7300D002A5 /* Embed Foundation Extensions */,
				6B88F4402FCA6D8000D002A5 /* Embed Frameworks */,
			);
			buildRules = (
			);
			dependencies = (
				6B88F4332FCA6C7300D002A5 /* PBXTargetDependency */,
				6B88F43F2FCA6D8000D002A5 /* PBXTargetDependency */,
			);
			fileSystemSynchronizedGroups = (
				6B88F3F72FCA6BDF00D002A5 /* CheckInWatch Watch App */,
			);
			name = "CheckInWatch Watch App";
			packageProductDependencies = (
			);
			productName = "CheckInWatch Watch App";
			productReference = 6B88F3F62FCA6BDF00D002A5 /* CheckInWatch Watch App.app */;
			productType = "com.apple.product-type.application";
		};
		6B88F4242FCA6C7100D002A5 /* CheckInWatchWidgetExtension */ = {
			isa = PBXNativeTarget;
			buildConfigurationList = 6B88F4352FCA6C7300D002A5 /* Build configuration list for PBXNativeTarget "CheckInWatchWidgetExtension" */;
			buildPhases = (
				6B88F4212FCA6C7100D002A5 /* Sources */,
				6B88F4222FCA6C7100D002A5 /* Frameworks */,
				6B88F4232FCA6C7100D002A5 /* Resources */,
			);
			buildRules = (
			);
			dependencies = (
				6B88F4442FCA6E4E00D002A5 /* PBXTargetDependency */,
			);
			fileSystemSynchronizedGroups = (
				6B88F4282FCA6C7100D002A5 /* CheckInWatchWidget */,
			);
			name = CheckInWatchWidgetExtension;
			packageProductDependencies = (
			);
			productName = CheckInWatchWidgetExtension;
			productReference = 6B88F4252FCA6C7100D002A5 /* CheckInWatchWidgetExtension.appex */;
			productType = "com.apple.product-type.app-extension";
		};
		6BD124FF2FC8E42300B6B85F /* CheckInKit */ = {
			isa = PBXNativeTarget;
			buildConfigurationList = 6BD1251C2FC8E42300B6B85F /* Build configuration list for PBXNativeTarget "CheckInKit" */;
			buildPhases = (
				6BD124FB2FC8E42300B6B85F /* Headers */,
				6BD124FC2FC8E42300B6B85F /* Sources */,
				6BD124FD2FC8E42300B6B85F /* Frameworks */,
				6BD124FE2FC8E42300B6B85F /* Resources */,
			);
			buildRules = (
			);
			dependencies = (
			);
			fileSystemSynchronizedGroups = (
				6BD125012FC8E42300B6B85F /* CheckInKit */,
			);
			name = CheckInKit;
			packageProductDependencies = (
			);
			productName = CheckInKit;
			productReference = 6BD125002FC8E42300B6B85F /* CheckInKit.framework */;
			productType = "com.apple.product-type.framework";
		};
		6BD125092FC8E42300B6B85F /* CheckInKitTests */ = {
			isa = PBXNativeTarget;
			buildConfigurationList = 6BD1251D2FC8E42300B6B85F /* Build configuration list for PBXNativeTarget "CheckInKitTests" */;
			buildPhases = (
				6BD125062FC8E42300B6B85F /* Sources */,
				6BD125072FC8E42300B6B85F /* Frameworks */,
				6BD125082FC8E42300B6B85F /* Resources */,
			);
			buildRules = (
			);
			dependencies = (
				6BD1250D2FC8E42300B6B85F /* PBXTargetDependency */,
				6BD1250F2FC8E42300B6B85F /* PBXTargetDependency */,
			);
			fileSystemSynchronizedGroups = (
				6BD125102FC8E42300B6B85F /* CheckInKitTests */,
			);
			name = CheckInKitTests;
			packageProductDependencies = (
			);
			productName = CheckInKitTests;
			productReference = 6BD1250A2FC8E42300B6B85F /* CheckInKitTests.xctest */;
			productType = "com.apple.product-type.bundle.unit-test";
		};
/* End PBXNativeTarget section */

/* Begin PBXProject section */
		19C6DDB92FAD391B008DDDF0 /* Project object */ = {
			isa = PBXProject;
			attributes = {
				BuildIndependentTargetsInParallel = 1;
				LastSwiftUpdateCheck = 2630;
				LastUpgradeCheck = 2640;
				TargetAttributes = {
					19C6DDC02FAD391B008DDDF0 = {
						CreatedOnToolsVersion = 26.4.1;
					};
					6B6B55572FCA061C00EDE43B = {
						CreatedOnToolsVersion = 26.3;
					};
					6B6B55612FCA061D00EDE43B = {
						CreatedOnToolsVersion = 26.3;
						TestTargetID = 19C6DDC02FAD391B008DDDF0;
					};
					6B78BD8E2FC15197008CF821 = {
						CreatedOnToolsVersion = 26.3;
					};
					6B88F3F52FCA6BDF00D002A5 = {
						CreatedOnToolsVersion = 26.3;
					};
					6B88F4242FCA6C7100D002A5 = {
						CreatedOnToolsVersion = 26.3;
					};
					6BD124FF2FC8E42300B6B85F = {
						CreatedOnToolsVersion = 26.3;
					};
					6BD125092FC8E42300B6B85F = {
						CreatedOnToolsVersion = 26.3;
						TestTargetID = 19C6DDC02FAD391B008DDDF0;
					};
				};
			};
			buildConfigurationList = 19C6DDBC2FAD391B008DDDF0 /* Build configuration list for PBXProject "CheckIn" */;
			developmentRegion = en;
			hasScannedForEncodings = 0;
			knownRegions = (
				en,
				Base,
			);
			mainGroup = 19C6DDB82FAD391B008DDDF0;
			minimizedProjectReferenceProxies = 1;
			packageReferences = (
				194F4CCB2FAD3EA70019A39C /* XCRemoteSwiftPackageReference "microsoft-authentication-library-for-objc" */,
			);
			preferredProjectObjectVersion = 77;
			productRefGroup = 19C6DDC22FAD391B008DDDF0 /* Products */;
			projectDirPath = "";
			projectRoot = "";
			targets = (
				19C6DDC02FAD391B008DDDF0 /* CheckIn */,
				6B78BD8E2FC15197008CF821 /* CheckInWidgetExtension */,
				6BD124FF2FC8E42300B6B85F /* CheckInKit */,
				6BD125092FC8E42300B6B85F /* CheckInKitTests */,
				6B6B55572FCA061C00EDE43B /* CheckInGraph */,
				6B6B55612FCA061D00EDE43B /* CheckInGraphTests */,
				6B88F3F52FCA6BDF00D002A5 /* CheckInWatch Watch App */,
				6B88F4242FCA6C7100D002A5 /* CheckInWatchWidgetExtension */,
			);
		};
/* End PBXProject section */

/* Begin PBXResourcesBuildPhase section */
		19C6DDBF2FAD391B008DDDF0 /* Resources */ = {
			isa = PBXResourcesBuildPhase;
			buildActionMask = 2147483647;
			files = (
			);
			runOnlyForDeploymentPostprocessing = 0;
		};
		6B6B55562FCA061C00EDE43B /* Resources */ = {
			isa = PBXResourcesBuildPhase;
			buildActionMask = 2147483647;
			files = (
			);
			runOnlyForDeploymentPostprocessing = 0;
		};
		6B6B55602FCA061D00EDE43B /* Resources */ = {
			isa = PBXResourcesBuildPhase;
			buildActionMask = 2147483647;
			files = (
			);
			runOnlyForDeploymentPostprocessing = 0;
		};
		6B78BD8D2FC15197008CF821 /* Resources */ = {
			isa = PBXResourcesBuildPhase;
			buildActionMask = 2147483647;
			files = (
			);
			runOnlyForDeploymentPostprocessing = 0;
		};
		6B88F3F42FCA6BDF00D002A5 /* Resources */ = {
			isa = PBXResourcesBuildPhase;
			buildActionMask = 2147483647;
			files = (
			);
			runOnlyForDeploymentPostprocessing = 0;
		};
		6B88F4232FCA6C7100D002A5 /* Resources */ = {
			isa = PBXResourcesBuildPhase;
			buildActionMask = 2147483647;
			files = (
			);
			runOnlyForDeploymentPostprocessing = 0;
		};
		6BD124FE2FC8E42300B6B85F /* Resources */ = {
			isa = PBXResourcesBuildPhase;
			buildActionMask = 2147483647;
			files = (
			);
			runOnlyForDeploymentPostprocessing = 0;
		};
		6BD125082FC8E42300B6B85F /* Resources */ = {
			isa = PBXResourcesBuildPhase;
			buildActionMask = 2147483647;
			files = (
			);
			runOnlyForDeploymentPostprocessing = 0;
		};
/* End PBXResourcesBuildPhase section */

/* Begin PBXSourcesBuildPhase section */
		19C6DDBD2FAD391B008DDDF0 /* Sources */ = {
			isa = PBXSourcesBuildPhase;
			buildActionMask = 2147483647;
			files = (
			);
			runOnlyForDeploymentPostprocessing = 0;
		};
		6B6B55542FCA061C00EDE43B /* Sources */ = {
			isa = PBXSourcesBuildPhase;
			buildActionMask = 2147483647;
			files = (
			);
			runOnlyForDeploymentPostprocessing = 0;
		};
		6B6B555E2FCA061D00EDE43B /* Sources */ = {
			isa = PBXSourcesBuildPhase;
			buildActionMask = 2147483647;
			files = (
			);
			runOnlyForDeploymentPostprocessing = 0;
		};
		6B78BD8B2FC15197008CF821 /* Sources */ = {
			isa = PBXSourcesBuildPhase;
			buildActionMask = 2147483647;
			files = (
			);
			runOnlyForDeploymentPostprocessing = 0;
		};
		6B88F3F22FCA6BDF00D002A5 /* Sources */ = {
			isa = PBXSourcesBuildPhase;
			buildActionMask = 2147483647;
			files = (
			);
			runOnlyForDeploymentPostprocessing = 0;
		};
		6B88F4212FCA6C7100D002A5 /* Sources */ = {
			isa = PBXSourcesBuildPhase;
			buildActionMask = 2147483647;
			files = (
			);
			runOnlyForDeploymentPostprocessing = 0;
		};
		6BD124FC2FC8E42300B6B85F /* Sources */ = {
			isa = PBXSourcesBuildPhase;
			buildActionMask = 2147483647;
			files = (
			);
			runOnlyForDeploymentPostprocessing = 0;
		};
		6BD125062FC8E42300B6B85F /* Sources */ = {
			isa = PBXSourcesBuildPhase;
			buildActionMask = 2147483647;
			files = (
			);
			runOnlyForDeploymentPostprocessing = 0;
		};
/* End PBXSourcesBuildPhase section */

/* Begin PBXTargetDependency section */
		6B6B55652FCA061D00EDE43B /* PBXTargetDependency */ = {
			isa = PBXTargetDependency;
			target = 6B6B55572FCA061C00EDE43B /* CheckInGraph */;
			targetProxy = 6B6B55642FCA061D00EDE43B /* PBXContainerItemProxy */;
		};
		6B6B55672FCA061D00EDE43B /* PBXTargetDependency */ = {
			isa = PBXTargetDependency;
			target = 19C6DDC02FAD391B008DDDF0 /* CheckIn */;
			targetProxy = 6B6B55662FCA061D00EDE43B /* PBXContainerItemProxy */;
		};
		6B6B556C2FCA061D00EDE43B /* PBXTargetDependency */ = {
			isa = PBXTargetDependency;
			target = 6B6B55572FCA061C00EDE43B /* CheckInGraph */;
			targetProxy = 6B6B556B2FCA061D00EDE43B /* PBXContainerItemProxy */;
		};
		6B6B55782FCA065000EDE43B /* PBXTargetDependency */ = {
			isa = PBXTargetDependency;
			target = 6BD124FF2FC8E42300B6B85F /* CheckInKit */;
			targetProxy = 6B6B55772FCA065000EDE43B /* PBXContainerItemProxy */;
		};
		6B6B557C2FCA069A00EDE43B /* PBXTargetDependency */ = {
			isa = PBXTargetDependency;
			target = 6B6B55572FCA061C00EDE43B /* CheckInGraph */;
			targetProxy = 6B6B557B2FCA069A00EDE43B /* PBXContainerItemProxy */;
		};
		6B6B55802FCA06B500EDE43B /* PBXTargetDependency */ = {
			isa = PBXTargetDependency;
			target = 6B6B55572FCA061C00EDE43B /* CheckInGraph */;
			targetProxy = 6B6B557F2FCA06B500EDE43B /* PBXContainerItemProxy */;
		};
		6B6B55842FCA085D00EDE43B /* PBXTargetDependency */ = {
			isa = PBXTargetDependency;
			target = 6BD124FF2FC8E42300B6B85F /* CheckInKit */;
			targetProxy = 6B6B55832FCA085D00EDE43B /* PBXContainerItemProxy */;
		};
		6B78BDA22FC15199008CF821 /* PBXTargetDependency */ = {
			isa = PBXTargetDependency;
			target = 6B78BD8E2FC15197008CF821 /* CheckInWidgetExtension */;
			targetProxy = 6B78BDA12FC15199008CF821 /* PBXContainerItemProxy */;
		};
		6B88F4152FCA6BE100D002A5 /* PBXTargetDependency */ = {
			isa = PBXTargetDependency;
			target = 6B88F3F52FCA6BDF00D002A5 /* CheckInWatch Watch App */;
			targetProxy = 6B88F4142FCA6BE100D002A5 /* PBXContainerItemProxy */;
		};
		6B88F4332FCA6C7300D002A5 /* PBXTargetDependency */ = {
			isa = PBXTargetDependency;
			target = 6B88F4242FCA6C7100D002A5 /* CheckInWatchWidgetExtension */;
			targetProxy = 6B88F4322FCA6C7300D002A5 /* PBXContainerItemProxy */;
		};
		6B88F43F2FCA6D8000D002A5 /* PBXTargetDependency */ = {
			isa = PBXTargetDependency;
			target = 6BD124FF2FC8E42300B6B85F /* CheckInKit */;
			targetProxy = 6B88F43E2FCA6D8000D002A5 /* PBXContainerItemProxy */;
		};
		6B88F4442FCA6E4E00D002A5 /* PBXTargetDependency */ = {
			isa = PBXTargetDependency;
			target = 6BD124FF2FC8E42300B6B85F /* CheckInKit */;
			targetProxy = 6B88F4432FCA6E4E00D002A5 /* PBXContainerItemProxy */;
		};
		6BD1250D2FC8E42300B6B85F /* PBXTargetDependency */ = {
			isa = PBXTargetDependency;
			target = 6BD124FF2FC8E42300B6B85F /* CheckInKit */;
			targetProxy = 6BD1250C2FC8E42300B6B85F /* PBXContainerItemProxy */;
		};
		6BD1250F2FC8E42300B6B85F /* PBXTargetDependency */ = {
			isa = PBXTargetDependency;
			target = 19C6DDC02FAD391B008DDDF0 /* CheckIn */;
			targetProxy = 6BD1250E2FC8E42300B6B85F /* PBXContainerItemProxy */;
		};
		6BD125142FC8E42300B6B85F /* PBXTargetDependency */ = {
			isa = PBXTargetDependency;
			platformFilter = ios;
			target = 6BD124FF2FC8E42300B6B85F /* CheckInKit */;
			targetProxy = 6BD125132FC8E42300B6B85F /* PBXContainerItemProxy */;
		};
		6BD125232FC8E64700B6B85F /* PBXTargetDependency */ = {
			isa = PBXTargetDependency;
			target = 6BD124FF2FC8E42300B6B85F /* CheckInKit */;
			targetProxy = 6BD125222FC8E64700B6B85F /* PBXContainerItemProxy */;
		};
/* End PBXTargetDependency section */

/* Begin XCBuildConfiguration section */
		19C6DDCA2FAD391B008DDDF0 /* Debug */ = {
			isa = XCBuildConfiguration;
			buildSettings = {
				ALWAYS_SEARCH_USER_PATHS = NO;
				ASSETCATALOG_COMPILER_GENERATE_SWIFT_ASSET_SYMBOL_EXTENSIONS = YES;
				CLANG_ANALYZER_NONNULL = YES;
				CLANG_ANALYZER_NUMBER_OBJECT_CONVERSION = YES_AGGRESSIVE;
				CLANG_CXX_LANGUAGE_STANDARD = "gnu++20";
				CLANG_ENABLE_MODULES = YES;
				CLANG_ENABLE_OBJC_ARC = YES;
				CLANG_ENABLE_OBJC_WEAK = YES;
				CLANG_WARN_BLOCK_CAPTURE_AUTORELEASING = YES;
				CLANG_WARN_BOOL_CONVERSION = YES;
				CLANG_WARN_COMMA = YES;
				CLANG_WARN_CONSTANT_CONVERSION = YES;
				CLANG_WARN_DEPRECATED_OBJC_IMPLEMENTATIONS = YES;
				CLANG_WARN_DIRECT_OBJC_ISA_USAGE = YES_ERROR;
				CLANG_WARN_DOCUMENTATION_COMMENTS = YES;
				CLANG_WARN_EMPTY_BODY = YES;
				CLANG_WARN_ENUM_CONVERSION = YES;
				CLANG_WARN_INFINITE_RECURSION = YES;
				CLANG_WARN_INT_CONVERSION = YES;
				CLANG_WARN_NON_LITERAL_NULL_CONVERSION = YES;
				CLANG_WARN_OBJC_IMPLICIT_RETAIN_SELF = YES;
				CLANG_WARN_OBJC_LITERAL_CONVERSION = YES;
				CLANG_WARN_OBJC_ROOT_CLASS = YES_ERROR;
				CLANG_WARN_QUOTED_INCLUDE_IN_FRAMEWORK_HEADER = YES;
				CLANG_WARN_RANGE_LOOP_ANALYSIS = YES;
				CLANG_WARN_STRICT_PROTOTYPES = YES;
				CLANG_WARN_SUSPICIOUS_MOVE = YES;
				CLANG_WARN_UNGUARDED_AVAILABILITY = YES_AGGRESSIVE;
				CLANG_WARN_UNREACHABLE_CODE = YES;
				CLANG_WARN__DUPLICATE_METHOD_MATCH = YES;
				COPY_PHASE_STRIP = NO;
				DEBUG_INFORMATION_FORMAT = dwarf;
				ENABLE_STRICT_OBJC_MSGSEND = YES;
				ENABLE_TESTABILITY = YES;
				ENABLE_USER_SCRIPT_SANDBOXING = YES;
				GCC_C_LANGUAGE_STANDARD = gnu17;
				GCC_DYNAMIC_NO_PIC = NO;
				GCC_NO_COMMON_BLOCKS = YES;
				GCC_OPTIMIZATION_LEVEL = 0;
				GCC_PREPROCESSOR_DEFINITIONS = (
					"DEBUG=1",
					"$(inherited)",
				);
				GCC_WARN_64_TO_32_BIT_CONVERSION = YES;
				GCC_WARN_ABOUT_RETURN_TYPE = YES_ERROR;
				GCC_WARN_UNDECLARED_SELECTOR = YES;
				GCC_WARN_UNINITIALIZED_AUTOS = YES_AGGRESSIVE;
				GCC_WARN_UNUSED_FUNCTION = YES;
				GCC_WARN_UNUSED_VARIABLE = YES;
				IPHONEOS_DEPLOYMENT_TARGET = 17.6;
				LOCALIZATION_PREFERS_STRING_CATALOGS = YES;
				MTL_ENABLE_DEBUG_INFO = INCLUDE_SOURCE;
				MTL_FAST_MATH = YES;
				ONLY_ACTIVE_ARCH = YES;
				SDKROOT = iphoneos;
				SWIFT_ACTIVE_COMPILATION_CONDITIONS = "DEBUG $(inherited)";
				SWIFT_OPTIMIZATION_LEVEL = "-Onone";
			};
			name = Debug;
		};
		19C6DDCB2FAD391B008DDDF0 /* Release */ = {
			isa = XCBuildConfiguration;
			buildSettings = {
				ALWAYS_SEARCH_USER_PATHS = NO;
				ASSETCATALOG_COMPILER_GENERATE_SWIFT_ASSET_SYMBOL_EXTENSIONS = YES;
				CLANG_ANALYZER_NONNULL = YES;
				CLANG_ANALYZER_NUMBER_OBJECT_CONVERSION = YES_AGGRESSIVE;
				CLANG_CXX_LANGUAGE_STANDARD = "gnu++20";
				CLANG_ENABLE_MODULES = YES;
				CLANG_ENABLE_OBJC_ARC = YES;
				CLANG_ENABLE_OBJC_WEAK = YES;
				CLANG_WARN_BLOCK_CAPTURE_AUTORELEASING = YES;
				CLANG_WARN_BOOL_CONVERSION = YES;
				CLANG_WARN_COMMA = YES;
				CLANG_WARN_CONSTANT_CONVERSION = YES;
				CLANG_WARN_DEPRECATED_OBJC_IMPLEMENTATIONS = YES;
				CLANG_WARN_DIRECT_OBJC_ISA_USAGE = YES_ERROR;
				CLANG_WARN_DOCUMENTATION_COMMENTS = YES;
				CLANG_WARN_EMPTY_BODY = YES;
				CLANG_WARN_ENUM_CONVERSION = YES;
				CLANG_WARN_INFINITE_RECURSION = YES;
				CLANG_WARN_INT_CONVERSION = YES;
				CLANG_WARN_NON_LITERAL_NULL_CONVERSION = YES;
				CLANG_WARN_OBJC_IMPLICIT_RETAIN_SELF = YES;
				CLANG_WARN_OBJC_LITERAL_CONVERSION = YES;
				CLANG_WARN_OBJC_ROOT_CLASS = YES_ERROR;
				CLANG_WARN_QUOTED_INCLUDE_IN_FRAMEWORK_HEADER = YES;
				CLANG_WARN_RANGE_LOOP_ANALYSIS = YES;
				CLANG_WARN_STRICT_PROTOTYPES = YES;
				CLANG_WARN_SUSPICIOUS_MOVE = YES;
				CLANG_WARN_UNGUARDED_AVAILABILITY = YES_AGGRESSIVE;
				CLANG_WARN_UNREACHABLE_CODE = YES;
				CLANG_WARN__DUPLICATE_METHOD_MATCH = YES;
				COPY_PHASE_STRIP = NO;
				DEBUG_INFORMATION_FORMAT = "dwarf-with-dsym";
				ENABLE_NS_ASSERTIONS = NO;
				ENABLE_STRICT_OBJC_MSGSEND = YES;
				ENABLE_USER_SCRIPT_SANDBOXING = YES;
				GCC_C_LANGUAGE_STANDARD = gnu17;
				GCC_NO_COMMON_BLOCKS = YES;
				GCC_WARN_64_TO_32_BIT_CONVERSION = YES;
				GCC_WARN_ABOUT_RETURN_TYPE = YES_ERROR;
				GCC_WARN_UNDECLARED_SELECTOR = YES;
				GCC_WARN_UNINITIALIZED_AUTOS = YES_AGGRESSIVE;
				GCC_WARN_UNUSED_FUNCTION = YES;
				GCC_WARN_UNUSED_VARIABLE = YES;
				IPHONEOS_DEPLOYMENT_TARGET = 17.6;
				LOCALIZATION_PREFERS_STRING_CATALOGS = YES;
				MTL_ENABLE_DEBUG_INFO = NO;
				MTL_FAST_MATH = YES;
				SDKROOT = iphoneos;
				SWIFT_COMPILATION_MODE = wholemodule;
				VALIDATE_PRODUCT = YES;
			};
			name = Release;
		};
		19C6DDCD2FAD391B008DDDF0 /* Debug */ = {
			isa = XCBuildConfiguration;
			buildSettings = {
				ASSETCATALOG_COMPILER_APPICON_NAME = AppIcon;
				ASSETCATALOG_COMPILER_GLOBAL_ACCENT_COLOR_NAME = AccentColor;
				CODE_SIGN_ENTITLEMENTS = CheckIn/CheckIn.entitlements;
				CODE_SIGN_STYLE = Automatic;
				CURRENT_PROJECT_VERSION = 3;
				DEVELOPMENT_TEAM = 9K6W5PMFYP;
				ENABLE_PREVIEWS = YES;
				GENERATE_INFOPLIST_FILE = NO;
				INFOPLIST_FILE = CheckIn/Info.plist;
				INFOPLIST_KEY_UIApplicationSceneManifest_Generation = YES;
				INFOPLIST_KEY_UIApplicationSupportsIndirectInputEvents = YES;
				INFOPLIST_KEY_UILaunchScreen_Generation = YES;
				INFOPLIST_KEY_UISupportedInterfaceOrientations_iPad = "UIInterfaceOrientationPortrait UIInterfaceOrientationPortraitUpsideDown UIInterfaceOrientationLandscapeLeft UIInterfaceOrientationLandscapeRight";
				INFOPLIST_KEY_UISupportedInterfaceOrientations_iPhone = "UIInterfaceOrientationPortrait UIInterfaceOrientationLandscapeLeft UIInterfaceOrientationLandscapeRight";
				IPHONEOS_DEPLOYMENT_TARGET = 17.6;
				LD_RUNPATH_SEARCH_PATHS = (
					"$(inherited)",
					"@executable_path/Frameworks",
				);
				MARKETING_VERSION = 1.0.2;
				PRODUCT_BUNDLE_IDENTIFIER = com.excelano.checkin;
				PRODUCT_NAME = "$(TARGET_NAME)";
				STRING_CATALOG_GENERATE_SYMBOLS = YES;
				SUPPORTED_PLATFORMS = "iphoneos iphonesimulator";
				SUPPORTS_MACCATALYST = NO;
				SUPPORTS_MAC_DESIGNED_FOR_IPHONE_IPAD = NO;
				SUPPORTS_XR_DESIGNED_FOR_IPHONE_IPAD = NO;
				SWIFT_APPROACHABLE_CONCURRENCY = YES;
				SWIFT_DEFAULT_ACTOR_ISOLATION = MainActor;
				SWIFT_EMIT_LOC_STRINGS = YES;
				SWIFT_UPCOMING_FEATURE_MEMBER_IMPORT_VISIBILITY = YES;
				SWIFT_VERSION = 5.0;
				TARGETED_DEVICE_FAMILY = "1,2";
			};
			name = Debug;
		};
		19C6DDCE2FAD391B008DDDF0 /* Release */ = {
			isa = XCBuildConfiguration;
			buildSettings = {
				ASSETCATALOG_COMPILER_APPICON_NAME = AppIcon;
				ASSETCATALOG_COMPILER_GLOBAL_ACCENT_COLOR_NAME = AccentColor;
				CODE_SIGN_ENTITLEMENTS = CheckIn/CheckIn.entitlements;
				CODE_SIGN_STYLE = Automatic;
				CURRENT_PROJECT_VERSION = 3;
				DEVELOPMENT_TEAM = 9K6W5PMFYP;
				ENABLE_PREVIEWS = YES;
				GENERATE_INFOPLIST_FILE = NO;
				INFOPLIST_FILE = CheckIn/Info.plist;
				INFOPLIST_KEY_UIApplicationSceneManifest_Generation = YES;
				INFOPLIST_KEY_UIApplicationSupportsIndirectInputEvents = YES;
				INFOPLIST_KEY_UILaunchScreen_Generation = YES;
				INFOPLIST_KEY_UISupportedInterfaceOrientations_iPad = "UIInterfaceOrientationPortrait UIInterfaceOrientationPortraitUpsideDown UIInterfaceOrientationLandscapeLeft UIInterfaceOrientationLandscapeRight";
				INFOPLIST_KEY_UISupportedInterfaceOrientations_iPhone = "UIInterfaceOrientationPortrait UIInterfaceOrientationLandscapeLeft UIInterfaceOrientationLandscapeRight";
				IPHONEOS_DEPLOYMENT_TARGET = 17.6;
				LD_RUNPATH_SEARCH_PATHS = (
					"$(inherited)",
					"@executable_path/Frameworks",
				);
				MARKETING_VERSION = 1.0.2;
				PRODUCT_BUNDLE_IDENTIFIER = com.excelano.checkin;
				PRODUCT_NAME = "$(TARGET_NAME)";
				STRING_CATALOG_GENERATE_SYMBOLS = YES;
				SUPPORTED_PLATFORMS = "iphoneos iphonesimulator";
				SUPPORTS_MACCATALYST = NO;
				SUPPORTS_MAC_DESIGNED_FOR_IPHONE_IPAD = NO;
				SUPPORTS_XR_DESIGNED_FOR_IPHONE_IPAD = NO;
				SWIFT_APPROACHABLE_CONCURRENCY = YES;
				SWIFT_DEFAULT_ACTOR_ISOLATION = MainActor;
				SWIFT_EMIT_LOC_STRINGS = YES;
				SWIFT_UPCOMING_FEATURE_MEMBER_IMPORT_VISIBILITY = YES;
				SWIFT_VERSION = 5.0;
				TARGETED_DEVICE_FAMILY = "1,2";
			};
			name = Release;
		};
		6B6B55702FCA061D00EDE43B /* Debug */ = {
			isa = XCBuildConfiguration;
			buildSettings = {
				BUILD_LIBRARY_FOR_DISTRIBUTION = YES;
				CODE_SIGN_STYLE = Automatic;
				CURRENT_PROJECT_VERSION = 1;
				DEVELOPMENT_TEAM = 9K6W5PMFYP;
				DYLIB_COMPATIBILITY_VERSION = 1;
				DYLIB_CURRENT_VERSION = 1;
				DYLIB_INSTALL_NAME_BASE = "@rpath";
				ENABLE_MODULE_VERIFIER = YES;
				GENERATE_INFOPLIST_FILE = YES;
				INFOPLIST_KEY_NSHumanReadableCopyright = "";
				INSTALL_PATH = "$(LOCAL_LIBRARY_DIR)/Frameworks";
				IPHONEOS_DEPLOYMENT_TARGET = 17.6;
				LD_RUNPATH_SEARCH_PATHS = (
					"$(inherited)",
					"@executable_path/Frameworks",
					"@loader_path/Frameworks",
				);
				MARKETING_VERSION = 1.0;
				MODULE_VERIFIER_SUPPORTED_LANGUAGES = "objective-c objective-c++";
				MODULE_VERIFIER_SUPPORTED_LANGUAGE_STANDARDS = "gnu17 gnu++20";
				PRODUCT_BUNDLE_IDENTIFIER = com.excelano.CheckInGraph;
				PRODUCT_NAME = "$(TARGET_NAME:c99extidentifier)";
				SKIP_INSTALL = YES;
				STRING_CATALOG_GENERATE_SYMBOLS = YES;
				SUPPORTED_PLATFORMS = "iphoneos iphonesimulator watchos watchsimulator";
				SUPPORTS_MACCATALYST = YES;
				SWIFT_APPROACHABLE_CONCURRENCY = YES;
				SWIFT_EMIT_LOC_STRINGS = YES;
				SWIFT_INSTALL_MODULE = YES;
				SWIFT_INSTALL_OBJC_HEADER = NO;
				SWIFT_UPCOMING_FEATURE_MEMBER_IMPORT_VISIBILITY = YES;
				SWIFT_VERSION = 5.0;
				TARGETED_DEVICE_FAMILY = "1,2,4";
				VERSIONING_SYSTEM = "apple-generic";
				VERSION_INFO_PREFIX = "";
				WATCHOS_DEPLOYMENT_TARGET = 11.6;
			};
			name = Debug;
		};
		6B6B55712FCA061D00EDE43B /* Release */ = {
			isa = XCBuildConfiguration;
			buildSettings = {
				BUILD_LIBRARY_FOR_DISTRIBUTION = YES;
				CODE_SIGN_STYLE = Automatic;
				CURRENT_PROJECT_VERSION = 1;
				DEVELOPMENT_TEAM = 9K6W5PMFYP;
				DYLIB_COMPATIBILITY_VERSION = 1;
				DYLIB_CURRENT_VERSION = 1;
				DYLIB_INSTALL_NAME_BASE = "@rpath";
				ENABLE_MODULE_VERIFIER = YES;
				GENERATE_INFOPLIST_FILE = YES;
				INFOPLIST_KEY_NSHumanReadableCopyright = "";
				INSTALL_PATH = "$(LOCAL_LIBRARY_DIR)/Frameworks";
				IPHONEOS_DEPLOYMENT_TARGET = 17.6;
				LD_RUNPATH_SEARCH_PATHS = (
					"$(inherited)",
					"@executable_path/Frameworks",
					"@loader_path/Frameworks",
				);
				MARKETING_VERSION = 1.0;
				MODULE_VERIFIER_SUPPORTED_LANGUAGES = "objective-c objective-c++";
				MODULE_VERIFIER_SUPPORTED_LANGUAGE_STANDARDS = "gnu17 gnu++20";
				PRODUCT_BUNDLE_IDENTIFIER = com.excelano.CheckInGraph;
				PRODUCT_NAME = "$(TARGET_NAME:c99extidentifier)";
				SKIP_INSTALL = YES;
				STRING_CATALOG_GENERATE_SYMBOLS = YES;
				SUPPORTED_PLATFORMS = "iphoneos iphonesimulator watchos watchsimulator";
				SUPPORTS_MACCATALYST = YES;
				SWIFT_APPROACHABLE_CONCURRENCY = YES;
				SWIFT_EMIT_LOC_STRINGS = YES;
				SWIFT_INSTALL_MODULE = YES;
				SWIFT_INSTALL_OBJC_HEADER = NO;
				SWIFT_UPCOMING_FEATURE_MEMBER_IMPORT_VISIBILITY = YES;
				SWIFT_VERSION = 5.0;
				TARGETED_DEVICE_FAMILY = "1,2,4";
				VERSIONING_SYSTEM = "apple-generic";
				VERSION_INFO_PREFIX = "";
				WATCHOS_DEPLOYMENT_TARGET = 11.6;
			};
			name = Release;
		};
		6B6B55732FCA061D00EDE43B /* Debug */ = {
			isa = XCBuildConfiguration;
			buildSettings = {
				CODE_SIGN_STYLE = Automatic;
				CURRENT_PROJECT_VERSION = 1;
				DEVELOPMENT_TEAM = 9K6W5PMFYP;
				GENERATE_INFOPLIST_FILE = YES;
				IPHONEOS_DEPLOYMENT_TARGET = 17.6;
				MARKETING_VERSION = 1.0;
				PRODUCT_BUNDLE_IDENTIFIER = com.excelano.CheckInGraphTests;
				PRODUCT_NAME = "$(TARGET_NAME)";
				STRING_CATALOG_GENERATE_SYMBOLS = NO;
				SWIFT_APPROACHABLE_CONCURRENCY = YES;
				SWIFT_EMIT_LOC_STRINGS = NO;
				SWIFT_UPCOMING_FEATURE_MEMBER_IMPORT_VISIBILITY = YES;
				SWIFT_VERSION = 5.0;
				TARGETED_DEVICE_FAMILY = "1,2";
				TEST_HOST = "$(BUILT_PRODUCTS_DIR)/CheckIn.app/$(BUNDLE_EXECUTABLE_FOLDER_PATH)/CheckIn";
			};
			name = Debug;
		};
		6B6B55742FCA061D00EDE43B /* Release */ = {
			isa = XCBuildConfiguration;
			buildSettings = {
				CODE_SIGN_STYLE = Automatic;
				CURRENT_PROJECT_VERSION = 1;
				DEVELOPMENT_TEAM = 9K6W5PMFYP;
				GENERATE_INFOPLIST_FILE = YES;
				IPHONEOS_DEPLOYMENT_TARGET = 17.6;
				MARKETING_VERSION = 1.0;
				PRODUCT_BUNDLE_IDENTIFIER = com.excelano.CheckInGraphTests;
				PRODUCT_NAME = "$(TARGET_NAME)";
				STRING_CATALOG_GENERATE_SYMBOLS = NO;
				SWIFT_APPROACHABLE_CONCURRENCY = YES;
				SWIFT_EMIT_LOC_STRINGS = NO;
				SWIFT_UPCOMING_FEATURE_MEMBER_IMPORT_VISIBILITY = YES;
				SWIFT_VERSION = 5.0;
				TARGETED_DEVICE_FAMILY = "1,2";
				TEST_HOST = "$(BUILT_PRODUCTS_DIR)/CheckIn.app/$(BUNDLE_EXECUTABLE_FOLDER_PATH)/CheckIn";
			};
			name = Release;
		};
		6B78BDA52FC15199008CF821 /* Debug */ = {
			isa = XCBuildConfiguration;
			buildSettings = {
				ASSETCATALOG_COMPILER_GLOBAL_ACCENT_COLOR_NAME = AccentColor;
				ASSETCATALOG_COMPILER_WIDGET_BACKGROUND_COLOR_NAME = WidgetBackground;
				CODE_SIGN_ENTITLEMENTS = CheckInWidgetExtension.entitlements;
				CODE_SIGN_STYLE = Automatic;
				CURRENT_PROJECT_VERSION = 3;
				DEVELOPMENT_TEAM = 9K6W5PMFYP;
				GENERATE_INFOPLIST_FILE = YES;
				INFOPLIST_FILE = CheckInWidget/Info.plist;
				INFOPLIST_KEY_CFBundleDisplayName = CheckInWidget;
				INFOPLIST_KEY_NSHumanReadableCopyright = "";
				IPHONEOS_DEPLOYMENT_TARGET = 17.6;
				LD_RUNPATH_SEARCH_PATHS = (
					"$(inherited)",
					"@executable_path/Frameworks",
					"@executable_path/../../Frameworks",
				);
				MARKETING_VERSION = 1.0.2;
				PRODUCT_BUNDLE_IDENTIFIER = com.excelano.checkin.CheckInWidget;
				PRODUCT_NAME = "$(TARGET_NAME)";
				SKIP_INSTALL = YES;
				STRING_CATALOG_GENERATE_SYMBOLS = YES;
				SWIFT_APPROACHABLE_CONCURRENCY = YES;
				SWIFT_EMIT_LOC_STRINGS = YES;
				SWIFT_UPCOMING_FEATURE_MEMBER_IMPORT_VISIBILITY = YES;
				SWIFT_VERSION = 5.0;
				TARGETED_DEVICE_FAMILY = "1,2";
			};
			name = Debug;
		};
		6B78BDA62FC15199008CF821 /* Release */ = {
			isa = XCBuildConfiguration;
			buildSettings = {
				ASSETCATALOG_COMPILER_GLOBAL_ACCENT_COLOR_NAME = AccentColor;
				ASSETCATALOG_COMPILER_WIDGET_BACKGROUND_COLOR_NAME = WidgetBackground;
				CODE_SIGN_ENTITLEMENTS = CheckInWidgetExtension.entitlements;
				CODE_SIGN_STYLE = Automatic;
				CURRENT_PROJECT_VERSION = 3;
				DEVELOPMENT_TEAM = 9K6W5PMFYP;
				GENERATE_INFOPLIST_FILE = YES;
				INFOPLIST_FILE = CheckInWidget/Info.plist;
				INFOPLIST_KEY_CFBundleDisplayName = CheckInWidget;
				INFOPLIST_KEY_NSHumanReadableCopyright = "";
				IPHONEOS_DEPLOYMENT_TARGET = 17.6;
				LD_RUNPATH_SEARCH_PATHS = (
					"$(inherited)",
					"@executable_path/Frameworks",
					"@executable_path/../../Frameworks",
				);
				MARKETING_VERSION = 1.0.2;
				PRODUCT_BUNDLE_IDENTIFIER = com.excelano.checkin.CheckInWidget;
				PRODUCT_NAME = "$(TARGET_NAME)";
				SKIP_INSTALL = YES;
				STRING_CATALOG_GENERATE_SYMBOLS = YES;
				SWIFT_APPROACHABLE_CONCURRENCY = YES;
				SWIFT_EMIT_LOC_STRINGS = YES;
				SWIFT_UPCOMING_FEATURE_MEMBER_IMPORT_VISIBILITY = YES;
				SWIFT_VERSION = 5.0;
				TARGETED_DEVICE_FAMILY = "1,2";
			};
			name = Release;
		};
		6B88F4182FCA6BE100D002A5 /* Debug */ = {
			isa = XCBuildConfiguration;
			buildSettings = {
				ASSETCATALOG_COMPILER_APPICON_NAME = AppIcon;
				ASSETCATALOG_COMPILER_GLOBAL_ACCENT_COLOR_NAME = AccentColor;
				CODE_SIGN_ENTITLEMENTS = "CheckInWatch Watch App/CheckInWatch Watch App.entitlements";
				CODE_SIGN_STYLE = Automatic;
				CURRENT_PROJECT_VERSION = 1;
				DEVELOPMENT_TEAM = 9K6W5PMFYP;
				ENABLE_PREVIEWS = YES;
				EXCLUDED_ARCHS = arm64_32;
				GENERATE_INFOPLIST_FILE = YES;
				INFOPLIST_KEY_CFBundleDisplayName = CheckInWatch;
				INFOPLIST_KEY_UISupportedInterfaceOrientations = "UIInterfaceOrientationPortrait UIInterfaceOrientationPortraitUpsideDown";
				INFOPLIST_KEY_WKCompanionAppBundleIdentifier = com.excelano.checkin;
				LD_RUNPATH_SEARCH_PATHS = (
					"$(inherited)",
					"@executable_path/Frameworks",
				);
				MARKETING_VERSION = 1.0;
				PRODUCT_BUNDLE_IDENTIFIER = com.excelano.checkin.watchkitapp;
				PRODUCT_NAME = "$(TARGET_NAME)";
				SDKROOT = watchos;
				SKIP_INSTALL = YES;
				STRING_CATALOG_GENERATE_SYMBOLS = YES;
				SWIFT_APPROACHABLE_CONCURRENCY = YES;
				SWIFT_DEFAULT_ACTOR_ISOLATION = MainActor;
				SWIFT_EMIT_LOC_STRINGS = YES;
				SWIFT_UPCOMING_FEATURE_MEMBER_IMPORT_VISIBILITY = YES;
				SWIFT_VERSION = 5.0;
				TARGETED_DEVICE_FAMILY = 4;
				WATCHOS_DEPLOYMENT_TARGET = 11.6;
			};
			name = Debug;
		};
		6B88F4192FCA6BE100D002A5 /* Release */ = {
			isa = XCBuildConfiguration;
			buildSettings = {
				ASSETCATALOG_COMPILER_APPICON_NAME = AppIcon;
				ASSETCATALOG_COMPILER_GLOBAL_ACCENT_COLOR_NAME = AccentColor;
				CODE_SIGN_ENTITLEMENTS = "CheckInWatch Watch App/CheckInWatch Watch App.entitlements";
				CODE_SIGN_STYLE = Automatic;
				CURRENT_PROJECT_VERSION = 1;
				DEVELOPMENT_TEAM = 9K6W5PMFYP;
				ENABLE_PREVIEWS = YES;
				EXCLUDED_ARCHS = arm64_32;
				GENERATE_INFOPLIST_FILE = YES;
				INFOPLIST_KEY_CFBundleDisplayName = CheckInWatch;
				INFOPLIST_KEY_UISupportedInterfaceOrientations = "UIInterfaceOrientationPortrait UIInterfaceOrientationPortraitUpsideDown";
				INFOPLIST_KEY_WKCompanionAppBundleIdentifier = com.excelano.checkin;
				LD_RUNPATH_SEARCH_PATHS = (
					"$(inherited)",
					"@executable_path/Frameworks",
				);
				MARKETING_VERSION = 1.0;
				PRODUCT_BUNDLE_IDENTIFIER = com.excelano.checkin.watchkitapp;
				PRODUCT_NAME = "$(TARGET_NAME)";
				SDKROOT = watchos;
				SKIP_INSTALL = YES;
				STRING_CATALOG_GENERATE_SYMBOLS = YES;
				SWIFT_APPROACHABLE_CONCURRENCY = YES;
				SWIFT_DEFAULT_ACTOR_ISOLATION = MainActor;
				SWIFT_EMIT_LOC_STRINGS = YES;
				SWIFT_UPCOMING_FEATURE_MEMBER_IMPORT_VISIBILITY = YES;
				SWIFT_VERSION = 5.0;
				TARGETED_DEVICE_FAMILY = 4;
				WATCHOS_DEPLOYMENT_TARGET = 11.6;
			};
			name = Release;
		};
		6B88F4362FCA6C7300D002A5 /* Debug */ = {
			isa = XCBuildConfiguration;
			buildSettings = {
				ASSETCATALOG_COMPILER_GLOBAL_ACCENT_COLOR_NAME = AccentColor;
				ASSETCATALOG_COMPILER_WIDGET_BACKGROUND_COLOR_NAME = WidgetBackground;
				CODE_SIGN_ENTITLEMENTS = CheckInWatchWidgetExtension.entitlements;
				CODE_SIGN_STYLE = Automatic;
				CURRENT_PROJECT_VERSION = 1;
				DEVELOPMENT_TEAM = 9K6W5PMFYP;
				EXCLUDED_ARCHS = arm64_32;
				GENERATE_INFOPLIST_FILE = YES;
				INFOPLIST_FILE = CheckInWatchWidget/Info.plist;
				INFOPLIST_KEY_CFBundleDisplayName = CheckInWatchWidget;
				INFOPLIST_KEY_NSHumanReadableCopyright = "";
				LD_RUNPATH_SEARCH_PATHS = (
					"$(inherited)",
					"@executable_path/Frameworks",
					"@executable_path/../../Frameworks",
					"@executable_path/../../../../Frameworks",
				);
				MARKETING_VERSION = 1.0;
				PRODUCT_BUNDLE_IDENTIFIER = com.excelano.checkin.watchkitapp.widgets;
				PRODUCT_NAME = "$(TARGET_NAME)";
				SDKROOT = watchos;
				SKIP_INSTALL = YES;
				STRING_CATALOG_GENERATE_SYMBOLS = YES;
				SWIFT_APPROACHABLE_CONCURRENCY = YES;
				SWIFT_EMIT_LOC_STRINGS = YES;
				SWIFT_UPCOMING_FEATURE_MEMBER_IMPORT_VISIBILITY = YES;
				SWIFT_VERSION = 5.0;
				TARGETED_DEVICE_FAMILY = 4;
				WATCHOS_DEPLOYMENT_TARGET = 11.6;
			};
			name = Debug;
		};
		6B88F4372FCA6C7300D002A5 /* Release */ = {
			isa = XCBuildConfiguration;
			buildSettings = {
				ASSETCATALOG_COMPILER_GLOBAL_ACCENT_COLOR_NAME = AccentColor;
				ASSETCATALOG_COMPILER_WIDGET_BACKGROUND_COLOR_NAME = WidgetBackground;
				CODE_SIGN_ENTITLEMENTS = CheckInWatchWidgetExtension.entitlements;
				CODE_SIGN_STYLE = Automatic;
				CURRENT_PROJECT_VERSION = 1;
				DEVELOPMENT_TEAM = 9K6W5PMFYP;
				EXCLUDED_ARCHS = arm64_32;
				GENERATE_INFOPLIST_FILE = YES;
				INFOPLIST_FILE = CheckInWatchWidget/Info.plist;
				INFOPLIST_KEY_CFBundleDisplayName = CheckInWatchWidget;
				INFOPLIST_KEY_NSHumanReadableCopyright = "";
				LD_RUNPATH_SEARCH_PATHS = (
					"$(inherited)",
					"@executable_path/Frameworks",
					"@executable_path/../../Frameworks",
					"@executable_path/../../../../Frameworks",
				);
				MARKETING_VERSION = 1.0;
				PRODUCT_BUNDLE_IDENTIFIER = com.excelano.checkin.watchkitapp.widgets;
				PRODUCT_NAME = "$(TARGET_NAME)";
				SDKROOT = watchos;
				SKIP_INSTALL = YES;
				STRING_CATALOG_GENERATE_SYMBOLS = YES;
				SWIFT_APPROACHABLE_CONCURRENCY = YES;
				SWIFT_EMIT_LOC_STRINGS = YES;
				SWIFT_UPCOMING_FEATURE_MEMBER_IMPORT_VISIBILITY = YES;
				SWIFT_VERSION = 5.0;
				TARGETED_DEVICE_FAMILY = 4;
				WATCHOS_DEPLOYMENT_TARGET = 11.6;
			};
			name = Release;
		};
		6BD125182FC8E42300B6B85F /* Debug */ = {
			isa = XCBuildConfiguration;
			buildSettings = {
				BUILD_LIBRARY_FOR_DISTRIBUTION = NO;
				CODE_SIGN_STYLE = Automatic;
				CURRENT_PROJECT_VERSION = 1;
				DEVELOPMENT_TEAM = 9K6W5PMFYP;
				DYLIB_COMPATIBILITY_VERSION = 1;
				DYLIB_CURRENT_VERSION = 1;
				DYLIB_INSTALL_NAME_BASE = "@rpath";
				ENABLE_MODULE_VERIFIER = YES;
				GENERATE_INFOPLIST_FILE = YES;
				INFOPLIST_KEY_NSHumanReadableCopyright = "";
				INSTALL_PATH = "$(LOCAL_LIBRARY_DIR)/Frameworks";
				IPHONEOS_DEPLOYMENT_TARGET = 17.6;
				LD_RUNPATH_SEARCH_PATHS = (
					"$(inherited)",
					"@executable_path/Frameworks",
					"@loader_path/Frameworks",
				);
				MARKETING_VERSION = 1.0;
				MODULE_VERIFIER_SUPPORTED_LANGUAGES = "objective-c objective-c++";
				MODULE_VERIFIER_SUPPORTED_LANGUAGE_STANDARDS = "gnu17 gnu++20";
				PRODUCT_BUNDLE_IDENTIFIER = com.excelano.CheckInKit;
				PRODUCT_NAME = "$(TARGET_NAME:c99extidentifier)";
				SKIP_INSTALL = YES;
				STRING_CATALOG_GENERATE_SYMBOLS = YES;
				SUPPORTED_PLATFORMS = "iphoneos iphonesimulator watchos watchsimulator";
				SUPPORTS_MACCATALYST = YES;
				SWIFT_APPROACHABLE_CONCURRENCY = YES;
				SWIFT_EMIT_LOC_STRINGS = YES;
				SWIFT_INSTALL_MODULE = YES;
				SWIFT_INSTALL_OBJC_HEADER = NO;
				SWIFT_UPCOMING_FEATURE_MEMBER_IMPORT_VISIBILITY = YES;
				SWIFT_VERSION = 5.0;
				TARGETED_DEVICE_FAMILY = "1,2,4";
				VERSIONING_SYSTEM = "apple-generic";
				VERSION_INFO_PREFIX = "";
				WATCHOS_DEPLOYMENT_TARGET = 11.6;
			};
			name = Debug;
		};
		6BD125192FC8E42300B6B85F /* Release */ = {
			isa = XCBuildConfiguration;
			buildSettings = {
				BUILD_LIBRARY_FOR_DISTRIBUTION = NO;
				CODE_SIGN_STYLE = Automatic;
				CURRENT_PROJECT_VERSION = 1;
				DEVELOPMENT_TEAM = 9K6W5PMFYP;
				DYLIB_COMPATIBILITY_VERSION = 1;
				DYLIB_CURRENT_VERSION = 1;
				DYLIB_INSTALL_NAME_BASE = "@rpath";
				ENABLE_MODULE_VERIFIER = YES;
				GENERATE_INFOPLIST_FILE = YES;
				INFOPLIST_KEY_NSHumanReadableCopyright = "";
				INSTALL_PATH = "$(LOCAL_LIBRARY_DIR)/Frameworks";
				IPHONEOS_DEPLOYMENT_TARGET = 17.6;
				LD_RUNPATH_SEARCH_PATHS = (
					"$(inherited)",
					"@executable_path/Frameworks",
					"@loader_path/Frameworks",
				);
				MARKETING_VERSION = 1.0;
				MODULE_VERIFIER_SUPPORTED_LANGUAGES = "objective-c objective-c++";
				MODULE_VERIFIER_SUPPORTED_LANGUAGE_STANDARDS = "gnu17 gnu++20";
				PRODUCT_BUNDLE_IDENTIFIER = com.excelano.CheckInKit;
				PRODUCT_NAME = "$(TARGET_NAME:c99extidentifier)";
				SKIP_INSTALL = YES;
				STRING_CATALOG_GENERATE_SYMBOLS = YES;
				SUPPORTED_PLATFORMS = "iphoneos iphonesimulator watchos watchsimulator";
				SUPPORTS_MACCATALYST = YES;
				SWIFT_APPROACHABLE_CONCURRENCY = YES;
				SWIFT_EMIT_LOC_STRINGS = YES;
				SWIFT_INSTALL_MODULE = YES;
				SWIFT_INSTALL_OBJC_HEADER = NO;
				SWIFT_UPCOMING_FEATURE_MEMBER_IMPORT_VISIBILITY = YES;
				SWIFT_VERSION = 5.0;
				TARGETED_DEVICE_FAMILY = "1,2,4";
				VERSIONING_SYSTEM = "apple-generic";
				VERSION_INFO_PREFIX = "";
				WATCHOS_DEPLOYMENT_TARGET = 11.6;
			};
			name = Release;
		};
		6BD1251A2FC8E42300B6B85F /* Debug */ = {
			isa = XCBuildConfiguration;
			buildSettings = {
				CODE_SIGN_STYLE = Automatic;
				CURRENT_PROJECT_VERSION = 1;
				DEVELOPMENT_TEAM = 9K6W5PMFYP;
				GENERATE_INFOPLIST_FILE = YES;
				IPHONEOS_DEPLOYMENT_TARGET = 17.6;
				MARKETING_VERSION = 1.0;
				PRODUCT_BUNDLE_IDENTIFIER = com.excelano.CheckInKitTests;
				PRODUCT_NAME = "$(TARGET_NAME)";
				STRING_CATALOG_GENERATE_SYMBOLS = NO;
				SWIFT_APPROACHABLE_CONCURRENCY = YES;
				SWIFT_EMIT_LOC_STRINGS = NO;
				SWIFT_UPCOMING_FEATURE_MEMBER_IMPORT_VISIBILITY = YES;
				SWIFT_VERSION = 5.0;
				TARGETED_DEVICE_FAMILY = "1,2";
				TEST_HOST = "$(BUILT_PRODUCTS_DIR)/CheckIn.app/$(BUNDLE_EXECUTABLE_FOLDER_PATH)/CheckIn";
			};
			name = Debug;
		};
		6BD1251B2FC8E42300B6B85F /* Release */ = {
			isa = XCBuildConfiguration;
			buildSettings = {
				CODE_SIGN_STYLE = Automatic;
				CURRENT_PROJECT_VERSION = 1;
				DEVELOPMENT_TEAM = 9K6W5PMFYP;
				GENERATE_INFOPLIST_FILE = YES;
				IPHONEOS_DEPLOYMENT_TARGET = 17.6;
				MARKETING_VERSION = 1.0;
				PRODUCT_BUNDLE_IDENTIFIER = com.excelano.CheckInKitTests;
				PRODUCT_NAME = "$(TARGET_NAME)";
				STRING_CATALOG_GENERATE_SYMBOLS = NO;
				SWIFT_APPROACHABLE_CONCURRENCY = YES;
				SWIFT_EMIT_LOC_STRINGS = NO;
				SWIFT_UPCOMING_FEATURE_MEMBER_IMPORT_VISIBILITY = YES;
				SWIFT_VERSION = 5.0;
				TARGETED_DEVICE_FAMILY = "1,2";
				TEST_HOST = "$(BUILT_PRODUCTS_DIR)/CheckIn.app/$(BUNDLE_EXECUTABLE_FOLDER_PATH)/CheckIn";
			};
			name = Release;
		};
/* End XCBuildConfiguration section */

/* Begin XCConfigurationList section */
		19C6DDBC2FAD391B008DDDF0 /* Build configuration list for PBXProject "CheckIn" */ = {
			isa = XCConfigurationList;
			buildConfigurations = (
				19C6DDCA2FAD391B008DDDF0 /* Debug */,
				19C6DDCB2FAD391B008DDDF0 /* Release */,
			);
			defaultConfigurationIsVisible = 0;
			defaultConfigurationName = Release;
		};
		19C6DDCC2FAD391B008DDDF0 /* Build configuration list for PBXNativeTarget "CheckIn" */ = {
			isa = XCConfigurationList;
			buildConfigurations = (
				19C6DDCD2FAD391B008DDDF0 /* Debug */,
				19C6DDCE2FAD391B008DDDF0 /* Release */,
			);
			defaultConfigurationIsVisible = 0;
			defaultConfigurationName = Release;
		};
		6B6B556F2FCA061D00EDE43B /* Build configuration list for PBXNativeTarget "CheckInGraph" */ = {
			isa = XCConfigurationList;
			buildConfigurations = (
				6B6B55702FCA061D00EDE43B /* Debug */,
				6B6B55712FCA061D00EDE43B /* Release */,
			);
			defaultConfigurationIsVisible = 0;
			defaultConfigurationName = Release;
		};
		6B6B55722FCA061D00EDE43B /* Build configuration list for PBXNativeTarget "CheckInGraphTests" */ = {
			isa = XCConfigurationList;
			buildConfigurations = (
				6B6B55732FCA061D00EDE43B /* Debug */,
				6B6B55742FCA061D00EDE43B /* Release */,
			);
			defaultConfigurationIsVisible = 0;
			defaultConfigurationName = Release;
		};
		6B78BDA72FC15199008CF821 /* Build configuration list for PBXNativeTarget "CheckInWidgetExtension" */ = {
			isa = XCConfigurationList;
			buildConfigurations = (
				6B78BDA52FC15199008CF821 /* Debug */,
				6B78BDA62FC15199008CF821 /* Release */,
			);
			defaultConfigurationIsVisible = 0;
			defaultConfigurationName = Release;
		};
		6B88F41E2FCA6BE100D002A5 /* Build configuration list for PBXNativeTarget "CheckInWatch Watch App" */ = {
			isa = XCConfigurationList;
			buildConfigurations = (
				6B88F4182FCA6BE100D002A5 /* Debug */,
				6B88F4192FCA6BE100D002A5 /* Release */,
			);
			defaultConfigurationIsVisible = 0;
			defaultConfigurationName = Release;
		};
		6B88F4352FCA6C7300D002A5 /* Build configuration list for PBXNativeTarget "CheckInWatchWidgetExtension" */ = {
			isa = XCConfigurationList;
			buildConfigurations = (
				6B88F4362FCA6C7300D002A5 /* Debug */,
				6B88F4372FCA6C7300D002A5 /* Release */,
			);
			defaultConfigurationIsVisible = 0;
			defaultConfigurationName = Release;
		};
		6BD1251C2FC8E42300B6B85F /* Build configuration list for PBXNativeTarget "CheckInKit" */ = {
			isa = XCConfigurationList;
			buildConfigurations = (
				6BD125182FC8E42300B6B85F /* Debug */,
				6BD125192FC8E42300B6B85F /* Release */,
			);
			defaultConfigurationIsVisible = 0;
			defaultConfigurationName = Release;
		};
		6BD1251D2FC8E42300B6B85F /* Build configuration list for PBXNativeTarget "CheckInKitTests" */ = {
			isa = XCConfigurationList;
			buildConfigurations = (
				6BD1251A2FC8E42300B6B85F /* Debug */,
				6BD1251B2FC8E42300B6B85F /* Release */,
			);
			defaultConfigurationIsVisible = 0;
			defaultConfigurationName = Release;
		};
/* End XCConfigurationList section */

/* Begin XCRemoteSwiftPackageReference section */
		194F4CCB2FAD3EA70019A39C /* XCRemoteSwiftPackageReference "microsoft-authentication-library-for-objc" */ = {
			isa = XCRemoteSwiftPackageReference;
			repositoryURL = "https://github.com/AzureAD/microsoft-authentication-library-for-objc";
			requirement = {
				kind = upToNextMajorVersion;
				minimumVersion = 2.11.0;
			};
		};
/* End XCRemoteSwiftPackageReference section */

/* Begin XCSwiftPackageProductDependency section */
		194F4CCC2FAD3EA70019A39C /* MSAL */ = {
			isa = XCSwiftPackageProductDependency;
			package = 194F4CCB2FAD3EA70019A39C /* XCRemoteSwiftPackageReference "microsoft-authentication-library-for-objc" */;
			productName = MSAL;
		};
		6BD126222FC9413A00B6B85F /* MSAL */ = {
			isa = XCSwiftPackageProductDependency;
			package = 194F4CCB2FAD3EA70019A39C /* XCRemoteSwiftPackageReference "microsoft-authentication-library-for-objc" */;
			productName = MSAL;
		};
/* End XCSwiftPackageProductDependency section */
	};
	rootObject = 19C6DDB92FAD391B008DDDF0 /* Project object */;
}
